
Microsoft Visual Studio Solution File, Format Version 12.00
# Visual Studio Version 17
VisualStudioVersion = 17.0.32112.339
MinimumVisualStudioVersion = 10.0.40219.1
Project("{9A19103F-16F7-4668-BE54-9A1E7A4F7556}") = "APIGateway.Heimstaden.SessionView", "APIGateway.Heimstaden.SessionView.csproj", "{077D04B4-75FB-47D2-84D5-674581CC7476}"
EndProject
Project("{9A19103F-16F7-4668-BE54-9A1E7A4F7556}") = "APIGateway.Core", "..\APIGateway.Core\APIGateway.Core\APIGateway.Core\APIGateway.Core.csproj", "{30542826-4FA6-4836-ABC0-E4972C7F1793}"
EndProject
Project("{2150E333-8FDC-42A3-9474-1A3956D46DE8}") = "CICD", "CICD", "{38D53625-439A-4420-B0B7-EF40865BDDCE}"
	ProjectSection(SolutionItems) = preProject
		..\.dockerignore = ..\.dockerignore
		..\Dockerfile = ..\Dockerfile
	EndProjectSection
EndProject
Global
	GlobalSection(SolutionConfigurationPlatforms) = preSolution
		Debug|Any CPU = Debug|Any CPU
		Release|Any CPU = Release|Any CPU
	EndGlobalSection
	GlobalSection(ProjectConfigurationPlatforms) = postSolution
		{077D04B4-75FB-47D2-84D5-674581CC7476}.Debug|Any CPU.ActiveCfg = Debug|Any CPU
		{077D04B4-75FB-47D2-84D5-674581CC7476}.Debug|Any CPU.Build.0 = Debug|Any CPU
		{077D04B4-75FB-47D2-84D5-674581CC7476}.Release|Any CPU.ActiveCfg = Release|Any CPU
		{077D04B4-75FB-47D2-84D5-674581CC7476}.Release|Any CPU.Build.0 = Release|Any CPU
		{30542826-4FA6-4836-ABC0-E4972C7F1793}.Debug|Any CPU.ActiveCfg = Debug|Any CPU
		{30542826-4FA6-4836-ABC0-E4972C7F1793}.Debug|Any CPU.Build.0 = Debug|Any CPU
		{30542826-4FA6-4836-ABC0-E4972C7F1793}.Release|Any CPU.ActiveCfg = Release|Any CPU
		{30542826-4FA6-4836-ABC0-E4972C7F1793}.Release|Any CPU.Build.0 = Release|Any CPU
	EndGlobalSection
	GlobalSection(SolutionProperties) = preSolution
		HideSolutionNode = FALSE
	EndGlobalSection
	GlobalSection(ExtensibilityGlobals) = postSolution
		SolutionGuid = {D54F3F71-CE6C-4B3C-B2BE-CDA42B794119}
	EndGlobalSection
EndGlobal
